
Microsoft Visual Studio Solution File, Format Version 12.00
# Visual Studio 2013
VisualStudioVersion = 12.0.21005.1
MinimumVisualStudioVersion = 10.0.40219.1
Project("{FAE04EC0-301F-11D3-BF4B-00C04F79EFBC}") = "SuperPong", "SuperPong\SuperPong\SuperPong.csproj", "{34D87CBC-2A69-43EE-BCBD-82AB8A6F5DE2}"
EndProject
Project("{96E2B04D-8817-42C6-938A-82C39BA4D311}") = "SuperPongContent", "SuperPong\SuperPongContent\SuperPongContent.contentproj", "{22DC7A32-9B00-49E1-9A46-EAD99AE22F3C}"
EndProject
Global
	GlobalSection(SolutionConfigurationPlatforms) = preSolution
		Debug|x86 = Debug|x86
		Release|x86 = Release|x86
	EndGlobalSection
	GlobalSection(ProjectConfigurationPlatforms) = postSolution
		{34D87CBC-2A69-43EE-BCBD-82AB8A6F5DE2}.Debug|x86.ActiveCfg = Debug|x86
		{34D87CBC-2A69-43EE-BCBD-82AB8A6F5DE2}.Debug|x86.Build.0 = Debug|x86
		{34D87CBC-2A69-43EE-BCBD-82AB8A6F5DE2}.Release|x86.ActiveCfg = Release|x86
		{34D87CBC-2A69-43EE-BCBD-82AB8A6F5DE2}.Release|x86.Build.0 = Release|x86
		{22DC7A32-9B00-49E1-9A46-EAD99AE22F3C}.Debug|x86.ActiveCfg = Debug|x86
		{22DC7A32-9B00-49E1-9A46-EAD99AE22F3C}.Release|x86.ActiveCfg = Release|x86
	EndGlobalSection
	GlobalSection(SolutionProperties) = preSolution
		HideSolutionNode = FALSE
	EndGlobalSection
EndGlobal
